
Microsoft Visual Studio Solution File, Format Version 12.00
# Visual Studio 14
VisualStudioVersion = 14.0.25123.0
MinimumVisualStudioVersion = 10.0.40219.1
Project("{FAE04EC0-301F-11D3-BF4B-00C04F79EFBC}") = "RhinoComponents", "RhinoComponents\RhinoComponents.csproj", "{A008F319-62EF-478C-BBF8-C8309A329FB9}"
EndProject
Project("{2150E333-8FDC-42A3-9474-1A3956D46DE8}") = "Solution Items", "Solution Items", "{F8BF2E34-7831-4402-869C-D556E00D9105}"
	ProjectSection(SolutionItems) = preProject
		overkill.rvb = overkill.rvb
	EndProjectSection
EndProject
Global
	GlobalSection(SolutionConfigurationPlatforms) = preSolution
		Debug|Any CPU = Debug|Any CPU
		Release|Any CPU = Release|Any CPU
	EndGlobalSection
	GlobalSection(ProjectConfigurationPlatforms) = postSolution
		{A008F319-62EF-478C-BBF8-C8309A329FB9}.Debug|Any CPU.ActiveCfg = Debug|Any CPU
		{A008F319-62EF-478C-BBF8-C8309A329FB9}.Debug|Any CPU.Build.0 = Debug|Any CPU
		{A008F319-62EF-478C-BBF8-C8309A329FB9}.Release|Any CPU.ActiveCfg = Release|Any CPU
		{A008F319-62EF-478C-BBF8-C8309A329FB9}.Release|Any CPU.Build.0 = Release|Any CPU
	EndGlobalSection
	GlobalSection(SolutionProperties) = preSolution
		HideSolutionNode = FALSE
	EndGlobalSection
EndGlobal
